
Microsoft Visual Studio Solution File, Format Version 12.00
# Visual Studio 14
VisualStudioVersion = 14.0.25123.0
MinimumVisualStudioVersion = 10.0.40219.1
Project("{FAE04EC0-301F-11D3-BF4B-00C04F79EFBC}") = "stonerkart", "stonerkart\stonerkart.csproj", "{CFC26B37-6090-4492-A003-E558D8324FDE}"
EndProject
Project("{FAE04EC0-301F-11D3-BF4B-00C04F79EFBC}") = "serber", "serber\serber.csproj", "{72BA51EC-CAEB-40BE-84D3-B2C33301891C}"
EndProject
Global
	GlobalSection(SolutionConfigurationPlatforms) = preSolution
		Debug|Any CPU = Debug|Any CPU
		Release|Any CPU = Release|Any CPU
	EndGlobalSection
	GlobalSection(ProjectConfigurationPlatforms) = postSolution
		{CFC26B37-6090-4492-A003-E558D8324FDE}.Debug|Any CPU.ActiveCfg = Debug|Any CPU
		{CFC26B37-6090-4492-A003-E558D8324FDE}.Debug|Any CPU.Build.0 = Debug|Any CPU
		{CFC26B37-6090-4492-A003-E558D8324FDE}.Release|Any CPU.ActiveCfg = Release|Any CPU
		{CFC26B37-6090-4492-A003-E558D8324FDE}.Release|Any CPU.Build.0 = Release|Any CPU
		{72BA51EC-CAEB-40BE-84D3-B2C33301891C}.Debug|Any CPU.ActiveCfg = Debug|Any CPU
		{72BA51EC-CAEB-40BE-84D3-B2C33301891C}.Debug|Any CPU.Build.0 = Debug|Any CPU
		{72BA51EC-CAEB-40BE-84D3-B2C33301891C}.Release|Any CPU.ActiveCfg = Release|Any CPU
		{72BA51EC-CAEB-40BE-84D3-B2C33301891C}.Release|Any CPU.Build.0 = Release|Any CPU
	EndGlobalSection
	GlobalSection(SolutionProperties) = preSolution
		HideSolutionNode = FALSE
	EndGlobalSection
EndGlobal
